// !$*UTF8*$!
{
	archiveVersion = 1;
	classes = {
	};
	objectVersion = 77;
	objects = {

/* Begin PBXBuildFile section */
		48702E2F2CF9942600E18726 /* Preview Assets.xcassets in Resources */ = {isa = PBXBuildFile; fileRef = 48702E252CF9942600E18726 /* Preview Assets.xcassets */; };
		48702E302CF9942600E18726 /* Assets.xcassets in Resources */ = {isa = PBXBuildFile; fileRef = 48702E272CF9942600E18726 /* Assets.xcassets */; };
		48702E312CF9942600E18726 /* ColorPaletteView.swift in Sources */ = {isa = PBXBuildFile; fileRef = 48702E282CF9942600E18726 /* ColorPaletteView.swift */; };
		48702E332CF9942600E18726 /* ExExtractColorApp.swift in Sources */ = {isa = PBXBuildFile; fileRef = 48702E2A2CF9942600E18726 /* ExExtractColorApp.swift */; };
		48702E342CF9942600E18726 /* ProminentColorsView.swift in Sources */ = {isa = PBXBuildFile; fileRef = 48702E2B2CF9942600E18726 /* ProminentColorsView.swift */; };
		48702E352CF9942600E18726 /* UIColor+.swift in Sources */ = {isa = PBXBuildFile; fileRef = 48702E2C2CF9942600E18726 /* UIColor+.swift */; };
		48702E362CF9942600E18726 /* UIImage+.swift in Sources */ = {isa = PBXBuildFile; fileRef = 48702E2D2CF9942600E18726 /* UIImage+.swift */; };
		48702E382CF9982B00E18726 /* String+.swift in Sources */ = {isa = PBXBuildFile; fileRef = 48702E372CF9982B00E18726 /* String+.swift */; };
/* End PBXBuildFile section */

/* Begin PBXFileReference section */
		4826691B2CF9AAE9000781BC /* image.png */ = {isa = PBXFileReference; lastKnownFileType = image.png; path = image.png; sourceTree = "<group>"; };
		4826691C2CF9AAF0000781BC /* README.md */ = {isa = PBXFileReference; lastKnownFileType = net.daringfireball.markdown; path = README.md; sourceTree = "<group>"; };
		48702E0C2CF991CE00E18726 /* ExExtractColor.app */ = {isa = PBXFileReference; explicitFileType = wrapper.application; includeInIndex = 0; path = ExExtractColor.app; sourceTree = BUILT_PRODUCTS_DIR; };
		48702E252CF9942600E18726 /* Preview Assets.xcassets */ = {isa = PBXFileReference; lastKnownFileType = folder.assetcatalog; path = "Preview Assets.xcassets"; sourceTree = "<group>"; };
		48702E272CF9942600E18726 /* Assets.xcassets */ = {isa = PBXFileReference; lastKnownFileType = folder.assetcatalog; path = Assets.xcassets; sourceTree = "<group>"; };
		48702E282CF9942600E18726 /* ColorPaletteView.swift */ = {isa = PBXFileReference; lastKnownFileType = sourcecode.swift; path = ColorPaletteView.swift; sourceTree = "<group>"; };
		48702E2A2CF9942600E18726 /* ExExtractColorApp.swift */ = {isa = PBXFileReference; lastKnownFileType = sourcecode.swift; path = ExExtractColorApp.swift; sourceTree = "<group>"; };
		48702E2B2CF9942600E18726 /* ProminentColorsView.swift */ = {isa = PBXFileReference; lastKnownFileType = sourcecode.swift; path = ProminentColorsView.swift; sourceTree = "<group>"; };
		48702E2C2CF9942600E18726 /* UIColor+.swift */ = {isa = PBXFileReference; lastKnownFileType = sourcecode.swift; path = "UIColor+.swift"; sourceTree = "<group>"; };
		48702E2D2CF9942600E18726 /* UIImage+.swift */ = {isa = PBXFileReference; lastKnownFileType = sourcecode.swift; path = "UIImage+.swift"; sourceTree = "<group>"; };
		48702E372CF9982B00E18726 /* String+.swift */ = {isa = PBXFileReference; lastKnownFileType = sourcecode.swift; path = "String+.swift"; sourceTree = "<group>"; };
/* End PBXFileReference section */

/* Begin PBXFrameworksBuildPhase section */
		48702E092CF991CE00E18726 /* Frameworks */ = {
			isa = PBXFrameworksBuildPhase;
			buildActionMask = 2147483647;
			files = (
			);
			runOnlyForDeploymentPostprocessing = 0;
		};
/* End PBXFrameworksBuildPhase section */

/* Begin PBXGroup section */
		48702E032CF991CE00E18726 = {
			isa = PBXGroup;
			children = (
				4826691C2CF9AAF0000781BC /* README.md */,
				4826691B2CF9AAE9000781BC /* image.png */,
				48702E2E2CF9942600E18726 /* ExExtractColor */,
				48702E0D2CF991CE00E18726 /* Products */,
			);
			sourceTree = "<group>";
		};
		48702E0D2CF991CE00E18726 /* Products */ = {
			isa = PBXGroup;
			children = (
				48702E0C2CF991CE00E18726 /* ExExtractColor.app */,
			);
			name = Products;
			sourceTree = "<group>";
		};
		48702E262CF9942600E18726 /* Preview Content */ = {
			isa = PBXGroup;
			children = (
				48702E252CF9942600E18726 /* Preview Assets.xcassets */,
			);
			path = "Preview Content";
			sourceTree = "<group>";
		};
		48702E2E2CF9942600E18726 /* ExExtractColor */ = {
			isa = PBXGroup;
			children = (
				48702E2A2CF9942600E18726 /* ExExtractColorApp.swift */,
				48702E2B2CF9942600E18726 /* ProminentColorsView.swift */,
				48702E282CF9942600E18726 /* ColorPaletteView.swift */,
				48702E2D2CF9942600E18726 /* UIImage+.swift */,
				48702E2C2CF9942600E18726 /* UIColor+.swift */,
				48702E372CF9982B00E18726 /* String+.swift */,
				48702E272CF9942600E18726 /* Assets.xcassets */,
				48702E262CF9942600E18726 /* Preview Content */,
			);
			path = ExExtractColor;
			sourceTree = "<group>";
		};
/* End PBXGroup section */

/* Begin PBXNativeTarget section */
		48702E0B2CF991CE00E18726 /* ExExtractColor */ = {
			isa = PBXNativeTarget;
			buildConfigurationList = 48702E1A2CF991CF00E18726 /* Build configuration list for PBXNativeTarget "ExExtractColor" */;
			buildPhases = (
				48702E082CF991CE00E18726 /* Sources */,
				48702E092CF991CE00E18726 /* Frameworks */,
				48702E0A2CF991CE00E18726 /* Resources */,
			);
			buildRules = (
			);
			dependencies = (
			);
			name = ExExtractColor;
			packageProductDependencies = (
			);
			productName = ExExtractColor;
			productReference = 48702E0C2CF991CE00E18726 /* ExExtractColor.app */;
			productType = "com.apple.product-type.application";
		};
/* End PBXNativeTarget section */

/* Begin PBXProject section */
		48702E042CF991CE00E18726 /* Project object */ = {
			isa = PBXProject;
			attributes = {
				BuildIndependentTargetsInParallel = 1;
				LastSwiftUpdateCheck = 1610;
				LastUpgradeCheck = 1610;
				TargetAttributes = {
					48702E0B2CF991CE00E18726 = {
						CreatedOnToolsVersion = 16.1;
					};
				};
			};
			buildConfigurationList = 48702E072CF991CE00E18726 /* Build configuration list for PBXProject "ExExtractColor" */;
			developmentRegion = en;
			hasScannedForEncodings = 0;
			knownRegions = (
				en,
				Base,
			);
			mainGroup = 48702E032CF991CE00E18726;
			minimizedProjectReferenceProxies = 1;
			preferredProjectObjectVersion = 77;
			productRefGroup = 48702E0D2CF991CE00E18726 /* Products */;
			projectDirPath = "";
			projectRoot = "";
			targets = (
				48702E0B2CF991CE00E18726 /* ExExtractColor */,
			);
		};
/* End PBXProject section */

/* Begin PBXResourcesBuildPhase section */
		48702E0A2CF991CE00E18726 /* Resources */ = {
			isa = PBXResourcesBuildPhase;
			buildActionMask = 2147483647;
			files = (
				48702E2F2CF9942600E18726 /* Preview Assets.xcassets in Resources */,
				48702E302CF9942600E18726 /* Assets.xcassets in Resources */,
			);
			runOnlyForDeploymentPostprocessing = 0;
		};
/* End PBXResourcesBuildPhase section */

/* Begin PBXSourcesBuildPhase section */
		48702E082CF991CE00E18726 /* Sources */ = {
			isa = PBXSourcesBuildPhase;
			buildActionMask = 2147483647;
			files = (
				48702E312CF9942600E18726 /* ColorPaletteView.swift in Sources */,
				48702E332CF9942600E18726 /* ExExtractColorApp.swift in Sources */,
				48702E342CF9942600E18726 /* ProminentColorsView.swift in Sources */,
				48702E352CF9942600E18726 /* UIColor+.swift in Sources */,
				48702E382CF9982B00E18726 /* String+.swift in Sources */,
				48702E362CF9942600E18726 /* UIImage+.swift in Sources */,
			);
			runOnlyForDeploymentPostprocessing = 0;
		};
/* End PBXSourcesBuildPhase section */

/* Begin XCBuildConfiguration section */
		48702E182CF991CF00E18726 /* Debug */ = {
			isa = XCBuildConfiguration;
			buildSettings = {
				ALWAYS_SEARCH_USER_PATHS = NO;
				ASSETCATALOG_COMPILER_GENERATE_SWIFT_ASSET_SYMBOL_EXTENSIONS = YES;
				CLANG_ANALYZER_NONNULL = YES;
				CLANG_ANALYZER_NUMBER_OBJECT_CONVERSION = YES_AGGRESSIVE;
				CLANG_CXX_LANGUAGE_STANDARD = "gnu++20";
				CLANG_ENABLE_MODULES = YES;
				CLANG_ENABLE_OBJC_ARC = YES;
				CLANG_ENABLE_OBJC_WEAK = YES;
				CLANG_WARN_BLOCK_CAPTURE_AUTORELEASING = YES;
				CLANG_WARN_BOOL_CONVERSION = YES;
				CLANG_WARN_COMMA = YES;
				CLANG_WARN_CONSTANT_CONVERSION = YES;
				CLANG_WARN_DEPRECATED_OBJC_IMPLEMENTATIONS = YES;
				CLANG_WARN_DIRECT_OBJC_ISA_USAGE = YES_ERROR;
				CLANG_WARN_DOCUMENTATION_COMMENTS = YES;
				CLANG_WARN_EMPTY_BODY = YES;
				CLANG_WARN_ENUM_CONVERSION = YES;
				CLANG_WARN_INFINITE_RECURSION = YES;
				CLANG_WARN_INT_CONVERSION = YES;
				CLANG_WARN_NON_LITERAL_NULL_CONVERSION = YES;
				CLANG_WARN_OBJC_IMPLICIT_RETAIN_SELF = YES;
				CLANG_WARN_OBJC_LITERAL_CONVERSION = YES;
				CLANG_WARN_OBJC_ROOT_CLASS = YES_ERROR;
				CLANG_WARN_QUOTED_INCLUDE_IN_FRAMEWORK_HEADER = YES;
				CLANG_WARN_RANGE_LOOP_ANALYSIS = YES;
				CLANG_WARN_STRICT_PROTOTYPES = YES;
				CLANG_WARN_SUSPICIOUS_MOVE = YES;
				CLANG_WARN_UNGUARDED_AVAILABILITY = YES_AGGRESSIVE;
				CLANG_WARN_UNREACHABLE_CODE = YES;
				CLANG_WARN__DUPLICATE_METHOD_MATCH = YES;
				COPY_PHASE_STRIP = NO;
				DEBUG_INFORMATION_FORMAT = dwarf;
				ENABLE_STRICT_OBJC_MSGSEND = YES;
				ENABLE_TESTABILITY = YES;
				ENABLE_USER_SCRIPT_SANDBOXING = YES;
				GCC_C_LANGUAGE_STANDARD = gnu17;
				GCC_DYNAMIC_NO_PIC = NO;
				GCC_NO_COMMON_BLOCKS = YES;
				GCC_OPTIMIZATION_LEVEL = 0;
				GCC_PREPROCESSOR_DEFINITIONS = (
					"DEBUG=1",
					"$(inherited)",
				);
				GCC_WARN_64_TO_32_BIT_CONVERSION = YES;
				GCC_WARN_ABOUT_RETURN_TYPE = YES_ERROR;
				GCC_WARN_UNDECLARED_SELECTOR = YES;
				GCC_WARN_UNINITIALIZED_AUTOS = YES_AGGRESSIVE;
				GCC_WARN_UNUSED_FUNCTION = YES;
				GCC_WARN_UNUSED_VARIABLE = YES;
				IPHONEOS_DEPLOYMENT_TARGET = 18.1;
				LOCALIZATION_PREFERS_STRING_CATALOGS = YES;
				MTL_ENABLE_DEBUG_INFO = INCLUDE_SOURCE;
				MTL_FAST_MATH = YES;
				ONLY_ACTIVE_ARCH = YES;
				SDKROOT = iphoneos;
				SWIFT_ACTIVE_COMPILATION_CONDITIONS = "DEBUG $(inherited)";
				SWIFT_OPTIMIZATION_LEVEL = "-Onone";
			};
			name = Debug;
		};
		48702E192CF991CF00E18726 /* Release */ = {
			isa = XCBuildConfiguration;
			buildSettings = {
				ALWAYS_SEARCH_USER_PATHS = NO;
				ASSETCATALOG_COMPILER_GENERATE_SWIFT_ASSET_SYMBOL_EXTENSIONS = YES;
				CLANG_ANALYZER_NONNULL = YES;
				CLANG_ANALYZER_NUMBER_OBJECT_CONVERSION = YES_AGGRESSIVE;
				CLANG_CXX_LANGUAGE_STANDARD = "gnu++20";
				CLANG_ENABLE_MODULES = YES;
				CLANG_ENABLE_OBJC_ARC = YES;
				CLANG_ENABLE_OBJC_WEAK = YES;
				CLANG_WARN_BLOCK_CAPTURE_AUTORELEASING = YES;
				CLANG_WARN_BOOL_CONVERSION = YES;
				CLANG_WARN_COMMA = YES;
				CLANG_WARN_CONSTANT_CONVERSION = YES;
				CLANG_WARN_DEPRECATED_OBJC_IMPLEMENTATIONS = YES;
				CLANG_WARN_DIRECT_OBJC_ISA_USAGE = YES_ERROR;
				CLANG_WARN_DOCUMENTATION_COMMENTS = YES;
				CLANG_WARN_EMPTY_BODY = YES;
				CLANG_WARN_ENUM_CONVERSION = YES;
				CLANG_WARN_INFINITE_RECURSION = YES;
				CLANG_WARN_INT_CONVERSION = YES;
				CLANG_WARN_NON_LITERAL_NULL_CONVERSION = YES;
				CLANG_WARN_OBJC_IMPLICIT_RETAIN_SELF = YES;
				CLANG_WARN_OBJC_LITERAL_CONVERSION = YES;
				CLANG_WARN_OBJC_ROOT_CLASS = YES_ERROR;
				CLANG_WARN_QUOTED_INCLUDE_IN_FRAMEWORK_HEADER = YES;
				CLANG_WARN_RANGE_LOOP_ANALYSIS = YES;
				CLANG_WARN_STRICT_PROTOTYPES = YES;
				CLANG_WARN_SUSPICIOUS_MOVE = YES;
				CLANG_WARN_UNGUARDED_AVAILABILITY = YES_AGGRESSIVE;
				CLANG_WARN_UNREACHABLE_CODE = YES;
				CLANG_WARN__DUPLICATE_METHOD_MATCH = YES;
				COPY_PHASE_STRIP = NO;
				DEBUG_INFORMATION_FORMAT = "dwarf-with-dsym";
				ENABLE_NS_ASSERTIONS = NO;
				ENABLE_STRICT_OBJC_MSGSEND = YES;
				ENABLE_USER_SCRIPT_SANDBOXING = YES;
				GCC_C_LANGUAGE_STANDARD = gnu17;
				GCC_NO_COMMON_BLOCKS = YES;
				GCC_WARN_64_TO_32_BIT_CONVERSION = YES;
				GCC_WARN_ABOUT_RETURN_TYPE = YES_ERROR;
				GCC_WARN_UNDECLARED_SELECTOR = YES;
				GCC_WARN_UNINITIALIZED_AUTOS = YES_AGGRESSIVE;
				GCC_WARN_UNUSED_FUNCTION = YES;
				GCC_WARN_UNUSED_VARIABLE = YES;
				IPHONEOS_DEPLOYMENT_TARGET = 18.1;
				LOCALIZATION_PREFERS_STRING_CATALOGS = YES;
				MTL_ENABLE_DEBUG_INFO = NO;
				MTL_FAST_MATH = YES;
				SDKROOT = iphoneos;
				SWIFT_COMPILATION_MODE = wholemodule;
				VALIDATE_PRODUCT = YES;
			};
			name = Release;
		};
		48702E1B2CF991CF00E18726 /* Debug */ = {
			isa = XCBuildConfiguration;
			buildSettings = {
				ASSETCATALOG_COMPILER_APPICON_NAME = AppIcon;
				ASSETCATALOG_COMPILER_GLOBAL_ACCENT_COLOR_NAME = AccentColor;
				CODE_SIGN_STYLE = Automatic;
				CURRENT_PROJECT_VERSION = 1;
				DEVELOPMENT_ASSET_PATHS = "\"ExExtractColor/Preview Content\"";
				DEVELOPMENT_TEAM = F2WQBJSV73;
				ENABLE_PREVIEWS = YES;
				GENERATE_INFOPLIST_FILE = YES;
				INFOPLIST_KEY_UIApplicationSceneManifest_Generation = YES;
				INFOPLIST_KEY_UIApplicationSupportsIndirectInputEvents = YES;
				INFOPLIST_KEY_UILaunchScreen_Generation = YES;
				INFOPLIST_KEY_UISupportedInterfaceOrientations_iPad = "UIInterfaceOrientationPortrait UIInterfaceOrientationPortraitUpsideDown UIInterfaceOrientationLandscapeLeft UIInterfaceOrientationLandscapeRight";
				INFOPLIST_KEY_UISupportedInterfaceOrientations_iPhone = "UIInterfaceOrientationPortrait UIInterfaceOrientationLandscapeLeft UIInterfaceOrientationLandscapeRight";
				LD_RUNPATH_SEARCH_PATHS = (
					"$(inherited)",
					"@executable_path/Frameworks",
				);
				MARKETING_VERSION = 1.0;
				PRODUCT_BUNDLE_IDENTIFIER = com.gonigon.ExExtractColor;
				PRODUCT_NAME = "$(TARGET_NAME)";
				SWIFT_EMIT_LOC_STRINGS = YES;
				SWIFT_VERSION = 5.0;
				TARGETED_DEVICE_FAMILY = "1,2";
			};
			name = Debug;
		};
		48702E1C2CF991CF00E18726 /* Release */ = {
			isa = XCBuildConfiguration;
			buildSettings = {
				ASSETCATALOG_COMPILER_APPICON_NAME = AppIcon;
				ASSETCATALOG_COMPILER_GLOBAL_ACCENT_COLOR_NAME = AccentColor;
				CODE_SIGN_STYLE = Automatic;
				CURRENT_PROJECT_VERSION = 1;
				DEVELOPMENT_ASSET_PATHS = "\"ExExtractColor/Preview Content\"";
				DEVELOPMENT_TEAM = F2WQBJSV73;
				ENABLE_PREVIEWS = YES;
				GENERATE_INFOPLIST_FILE = YES;
				INFOPLIST_KEY_UIApplicationSceneManifest_Generation = YES;
				INFOPLIST_KEY_UIApplicationSupportsIndirectInputEvents = YES;
				INFOPLIST_KEY_UILaunchScreen_Generation = YES;
				INFOPLIST_KEY_UISupportedInterfaceOrientations_iPad = "UIInterfaceOrientationPortrait UIInterfaceOrientationPortraitUpsideDown UIInterfaceOrientationLandscapeLeft UIInterfaceOrientationLandscapeRight";
				INFOPLIST_KEY_UISupportedInterfaceOrientations_iPhone = "UIInterfaceOrientationPortrait UIInterfaceOrientationLandscapeLeft UIInterfaceOrientationLandscapeRight";
				LD_RUNPATH_SEARCH_PATHS = (
					"$(inherited)",
					"@executable_path/Frameworks",
				);
				MARKETING_VERSION = 1.0;
				PRODUCT_BUNDLE_IDENTIFIER = com.gonigon.ExExtractColor;
				PRODUCT_NAME = "$(TARGET_NAME)";
				SWIFT_EMIT_LOC_STRINGS = YES;
				SWIFT_VERSION = 5.0;
				TARGETED_DEVICE_FAMILY = "1,2";
			};
			name = Release;
		};
/* End XCBuildConfiguration section */

/* Begin XCConfigurationList section */
		48702E072CF991CE00E18726 /* Build configuration list for PBXProject "ExExtractColor" */ = {
			isa = XCConfigurationList;
			buildConfigurations = (
				48702E182CF991CF00E18726 /* Debug */,
				48702E192CF991CF00E18726 /* Release */,
			);
			defaultConfigurationIsVisible = 0;
			defaultConfigurationName = Release;
		};
		48702E1A2CF991CF00E18726 /* Build configuration list for PBXNativeTarget "ExExtractColor" */ = {
			isa = XCConfigurationList;
			buildConfigurations = (
				48702E1B2CF991CF00E18726 /* Debug */,
				48702E1C2CF991CF00E18726 /* Release */,
			);
			defaultConfigurationIsVisible = 0;
			defaultConfigurationName = Release;
		};
/* End XCConfigurationList section */
	};
	rootObject = 48702E042CF991CE00E18726 /* Project object */;
}
